// !$*UTF8*$!
{
	archiveVersion = 1;
	classes = {
	};
	objectVersion = 50;
	objects = {

/* Begin PBXBuildFile section */
		6D1017C225E6803100E3A121 /* AppDelegate.swift in Sources */ = {isa = PBXBuildFile; fileRef = 6D1017C125E6803100E3A121 /* AppDelegate.swift */; };
		6D1017C625E6803100E3A121 /* PostsViewController.swift in Sources */ = {isa = PBXBuildFile; fileRef = 6D1017C525E6803100E3A121 /* PostsViewController.swift */; };
		6D1017C925E6803100E3A121 /* Main.storyboard in Resources */ = {isa = PBXBuildFile; fileRef = 6D1017C725E6803100E3A121 /* Main.storyboard */; };
		6D1017CB25E6803300E3A121 /* Assets.xcassets in Resources */ = {isa = PBXBuildFile; fileRef = 6D1017CA25E6803300E3A121 /* Assets.xcassets */; };
		6D1017CE25E6803300E3A121 /* LaunchScreen.storyboard in Resources */ = {isa = PBXBuildFile; fileRef = 6D1017CC25E6803300E3A121 /* LaunchScreen.storyboard */; };
		6D1017DB25E6808C00E3A121 /* PostDTO.swift in Sources */ = {isa = PBXBuildFile; fileRef = 6D1017DA25E6808C00E3A121 /* PostDTO.swift */; };
		6D1017E225E6816B00E3A121 /* Post.swift in Sources */ = {isa = PBXBuildFile; fileRef = 6D1017E125E6816B00E3A121 /* Post.swift */; };
		6D1017E725E6836600E3A121 /* NetworkManager.swift in Sources */ = {isa = PBXBuildFile; fileRef = 6D1017E625E6836600E3A121 /* NetworkManager.swift */; };
		6D1017EB25E6841F00E3A121 /* API.swift in Sources */ = {isa = PBXBuildFile; fileRef = 6D1017EA25E6841E00E3A121 /* API.swift */; };
		6D1017EF25E6919B00E3A121 /* PostsObjectDTO.swift in Sources */ = {isa = PBXBuildFile; fileRef = 6D1017EE25E6919B00E3A121 /* PostsObjectDTO.swift */; };
		6D1017F325E693B100E3A121 /* PostCell.swift in Sources */ = {isa = PBXBuildFile; fileRef = 6D1017F225E693B100E3A121 /* PostCell.swift */; };
		6D1017F625E6A0CB00E3A121 /* ImageManager.swift in Sources */ = {isa = PBXBuildFile; fileRef = 6D1017F525E6A0CB00E3A121 /* ImageManager.swift */; };
		6D1017F925E6A50300E3A121 /* AppManager.swift in Sources */ = {isa = PBXBuildFile; fileRef = 6D1017F825E6A50300E3A121 /* AppManager.swift */; };
		6D10180225E6B9E500E3A121 /* PostsDateFormatter.swift in Sources */ = {isa = PBXBuildFile; fileRef = 6D10180125E6B9E500E3A121 /* PostsDateFormatter.swift */; };
/* End PBXBuildFile section */

/* Begin PBXFileReference section */
		6D1017BE25E6803100E3A121 /* PostsLoader.app */ = {isa = PBXFileReference; explicitFileType = wrapper.application; includeInIndex = 0; path = PostsLoader.app; sourceTree = BUILT_PRODUCTS_DIR; };
		6D1017C125E6803100E3A121 /* AppDelegate.swift */ = {isa = PBXFileReference; lastKnownFileType = sourcecode.swift; path = AppDelegate.swift; sourceTree = "<group>"; };
		6D1017C525E6803100E3A121 /* PostsViewController.swift */ = {isa = PBXFileReference; lastKnownFileType = sourcecode.swift; path = PostsViewController.swift; sourceTree = "<group>"; };
		6D1017C825E6803100E3A121 /* Base */ = {isa = PBXFileReference; lastKnownFileType = file.storyboard; name = Base; path = Base.lproj/Main.storyboard; sourceTree = "<group>"; };
		6D1017CA25E6803300E3A121 /* Assets.xcassets */ = {isa = PBXFileReference; lastKnownFileType = folder.assetcatalog; path = Assets.xcassets; sourceTree = "<group>"; };
		6D1017CD25E6803300E3A121 /* Base */ = {isa = PBXFileReference; lastKnownFileType = file.storyboard; name = Base; path = Base.lproj/LaunchScreen.storyboard; sourceTree = "<group>"; };
		6D1017CF25E6803300E3A121 /* Info.plist */ = {isa = PBXFileReference; lastKnownFileType = text.plist.xml; path = Info.plist; sourceTree = "<group>"; };
		6D1017DA25E6808C00E3A121 /* PostDTO.swift */ = {isa = PBXFileReference; lastKnownFileType = sourcecode.swift; path = PostDTO.swift; sourceTree = "<group>"; };
		6D1017E125E6816B00E3A121 /* Post.swift */ = {isa = PBXFileReference; lastKnownFileType = sourcecode.swift; path = Post.swift; sourceTree = "<group>"; };
		6D1017E425E681FA00E3A121 /* README.md */ = {isa = PBXFileReference; lastKnownFileType = net.daringfireball.markdown; path = README.md; sourceTree = "<group>"; };
		6D1017E625E6836600E3A121 /* NetworkManager.swift */ = {isa = PBXFileReference; lastKnownFileType = sourcecode.swift; path = NetworkManager.swift; sourceTree = "<group>"; };
		6D1017EA25E6841E00E3A121 /* API.swift */ = {isa = PBXFileReference; lastKnownFileType = sourcecode.swift; path = API.swift; sourceTree = "<group>"; };
		6D1017EE25E6919B00E3A121 /* PostsObjectDTO.swift */ = {isa = PBXFileReference; lastKnownFileType = sourcecode.swift; path = PostsObjectDTO.swift; sourceTree = "<group>"; };
		6D1017F225E693B100E3A121 /* PostCell.swift */ = {isa = PBXFileReference; lastKnownFileType = sourcecode.swift; path = PostCell.swift; sourceTree = "<group>"; };
		6D1017F525E6A0CB00E3A121 /* ImageManager.swift */ = {isa = PBXFileReference; lastKnownFileType = sourcecode.swift; path = ImageManager.swift; sourceTree = "<group>"; };
		6D1017F825E6A50300E3A121 /* AppManager.swift */ = {isa = PBXFileReference; lastKnownFileType = sourcecode.swift; path = AppManager.swift; sourceTree = "<group>"; };
		6D10180125E6B9E500E3A121 /* PostsDateFormatter.swift */ = {isa = PBXFileReference; lastKnownFileType = sourcecode.swift; path = PostsDateFormatter.swift; sourceTree = "<group>"; };
/* End PBXFileReference section */

/* Begin PBXFrameworksBuildPhase section */
		6D1017BB25E6803100E3A121 /* Frameworks */ = {
			isa = PBXFrameworksBuildPhase;
			buildActionMask = 2147483647;
			files = (
			);
			runOnlyForDeploymentPostprocessing = 0;
		};
/* End PBXFrameworksBuildPhase section */

/* Begin PBXGroup section */
		6D1017B525E6803100E3A121 = {
			isa = PBXGroup;
			children = (
				6D1017C025E6803100E3A121 /* PostsLoader */,
				6D1017BF25E6803100E3A121 /* Products */,
			);
			sourceTree = "<group>";
		};
		6D1017BF25E6803100E3A121 /* Products */ = {
			isa = PBXGroup;
			children = (
				6D1017BE25E6803100E3A121 /* PostsLoader.app */,
			);
			name = Products;
			sourceTree = "<group>";
		};
		6D1017C025E6803100E3A121 /* PostsLoader */ = {
			isa = PBXGroup;
			children = (
				6D10180025E6B9D400E3A121 /* Utilities */,
				6D1017F125E693A200E3A121 /* UI */,
				6D1017E525E6835900E3A121 /* Business */,
				6D1017D925E6808400E3A121 /* Model */,
				6D1017C125E6803100E3A121 /* AppDelegate.swift */,
				6D1017C725E6803100E3A121 /* Main.storyboard */,
				6D1017CA25E6803300E3A121 /* Assets.xcassets */,
				6D1017CC25E6803300E3A121 /* LaunchScreen.storyboard */,
				6D1017CF25E6803300E3A121 /* Info.plist */,
				6D1017E425E681FA00E3A121 /* README.md */,
			);
			path = PostsLoader;
			sourceTree = "<group>";
		};
		6D1017D925E6808400E3A121 /* Model */ = {
			isa = PBXGroup;
			children = (
				6D1017E025E6816100E3A121 /* Presentation */,
				6D1017DF25E6815A00E3A121 /* Network */,
			);
			path = Model;
			sourceTree = "<group>";
		};
		6D1017DF25E6815A00E3A121 /* Network */ = {
			isa = PBXGroup;
			children = (
				6D1017DA25E6808C00E3A121 /* PostDTO.swift */,
				6D1017EE25E6919B00E3A121 /* PostsObjectDTO.swift */,
			);
			path = Network;
			sourceTree = "<group>";
		};
		6D1017E025E6816100E3A121 /* Presentation */ = {
			isa = PBXGroup;
			children = (
				6D1017E125E6816B00E3A121 /* Post.swift */,
			);
			path = Presentation;
			sourceTree = "<group>";
		};
		6D1017E525E6835900E3A121 /* Business */ = {
			isa = PBXGroup;
			children = (
				6D1017E625E6836600E3A121 /* NetworkManager.swift */,
				6D1017EA25E6841E00E3A121 /* API.swift */,
				6D1017F525E6A0CB00E3A121 /* ImageManager.swift */,
				6D1017F825E6A50300E3A121 /* AppManager.swift */,
			);
			path = Business;
			sourceTree = "<group>";
		};
		6D1017F125E693A200E3A121 /* UI */ = {
			isa = PBXGroup;
			children = (
				6D1017C525E6803100E3A121 /* PostsViewController.swift */,
				6D1017F225E693B100E3A121 /* PostCell.swift */,
			);
			path = UI;
			sourceTree = "<group>";
		};
		6D10180025E6B9D400E3A121 /* Utilities */ = {
			isa = PBXGroup;
			children = (
				6D10180125E6B9E500E3A121 /* PostsDateFormatter.swift */,
			);
			path = Utilities;
			sourceTree = "<group>";
		};
/* End PBXGroup section */

/* Begin PBXNativeTarget section */
		6D1017BD25E6803100E3A121 /* PostsLoader */ = {
			isa = PBXNativeTarget;
			buildConfigurationList = 6D1017D225E6803300E3A121 /* Build configuration list for PBXNativeTarget "PostsLoader" */;
			buildPhases = (
				6D1017BA25E6803100E3A121 /* Sources */,
				6D1017BB25E6803100E3A121 /* Frameworks */,
				6D1017BC25E6803100E3A121 /* Resources */,
			);
			buildRules = (
			);
			dependencies = (
			);
			name = PostsLoader;
			productName = PostsLoader;
			productReference = 6D1017BE25E6803100E3A121 /* PostsLoader.app */;
			productType = "com.apple.product-type.application";
		};
/* End PBXNativeTarget section */

/* Begin PBXProject section */
		6D1017B625E6803100E3A121 /* Project object */ = {
			isa = PBXProject;
			attributes = {
				LastSwiftUpdateCheck = 1240;
				LastUpgradeCheck = 1240;
				TargetAttributes = {
					6D1017BD25E6803100E3A121 = {
						CreatedOnToolsVersion = 12.4;
					};
				};
			};
			buildConfigurationList = 6D1017B925E6803100E3A121 /* Build configuration list for PBXProject "PostsLoader" */;
			compatibilityVersion = "Xcode 9.3";
			developmentRegion = en;
			hasScannedForEncodings = 0;
			knownRegions = (
				en,
				Base,
			);
			mainGroup = 6D1017B525E6803100E3A121;
			productRefGroup = 6D1017BF25E6803100E3A121 /* Products */;
			projectDirPath = "";
			projectRoot = "";
			targets = (
				6D1017BD25E6803100E3A121 /* PostsLoader */,
			);
		};
/* End PBXProject section */

/* Begin PBXResourcesBuildPhase section */
		6D1017BC25E6803100E3A121 /* Resources */ = {
			isa = PBXResourcesBuildPhase;
			buildActionMask = 2147483647;
			files = (
				6D1017CE25E6803300E3A121 /* LaunchScreen.storyboard in Resources */,
				6D1017CB25E6803300E3A121 /* Assets.xcassets in Resources */,
				6D1017C925E6803100E3A121 /* Main.storyboard in Resources */,
			);
			runOnlyForDeploymentPostprocessing = 0;
		};
/* End PBXResourcesBuildPhase section */

/* Begin PBXSourcesBuildPhase section */
		6D1017BA25E6803100E3A121 /* Sources */ = {
			isa = PBXSourcesBuildPhase;
			buildActionMask = 2147483647;
			files = (
				6D1017EF25E6919B00E3A121 /* PostsObjectDTO.swift in Sources */,
				6D1017F925E6A50300E3A121 /* AppManager.swift in Sources */,
				6D1017DB25E6808C00E3A121 /* PostDTO.swift in Sources */,
				6D1017C625E6803100E3A121 /* PostsViewController.swift in Sources */,
				6D10180225E6B9E500E3A121 /* PostsDateFormatter.swift in Sources */,
				6D1017F625E6A0CB00E3A121 /* ImageManager.swift in Sources */,
				6D1017E725E6836600E3A121 /* NetworkManager.swift in Sources */,
				6D1017C225E6803100E3A121 /* AppDelegate.swift in Sources */,
				6D1017EB25E6841F00E3A121 /* API.swift in Sources */,
				6D1017E225E6816B00E3A121 /* Post.swift in Sources */,
				6D1017F325E693B100E3A121 /* PostCell.swift in Sources */,
			);
			runOnlyForDeploymentPostprocessing = 0;
		};
/* End PBXSourcesBuildPhase section */

/* Begin PBXVariantGroup section */
		6D1017C725E6803100E3A121 /* Main.storyboard */ = {
			isa = PBXVariantGroup;
			children = (
				6D1017C825E6803100E3A121 /* Base */,
			);
			name = Main.storyboard;
			sourceTree = "<group>";
		};
		6D1017CC25E6803300E3A121 /* LaunchScreen.storyboard */ = {
			isa = PBXVariantGroup;
			children = (
				6D1017CD25E6803300E3A121 /* Base */,
			);
			name = LaunchScreen.storyboard;
			sourceTree = "<group>";
		};
/* End PBXVariantGroup section */

/* Begin XCBuildConfiguration section */
		6D1017D025E6803300E3A121 /* Debug */ = {
			isa = XCBuildConfiguration;
			buildSettings = {
				ALWAYS_SEARCH_USER_PATHS = NO;
				CLANG_ANALYZER_NONNULL = YES;
				CLANG_ANALYZER_NUMBER_OBJECT_CONVERSION = YES_AGGRESSIVE;
				CLANG_CXX_LANGUAGE_STANDARD = "gnu++14";
				CLANG_CXX_LIBRARY = "libc++";
				CLANG_ENABLE_MODULES = YES;
				CLANG_ENABLE_OBJC_ARC = YES;
				CLANG_ENABLE_OBJC_WEAK = YES;
				CLANG_WARN_BLOCK_CAPTURE_AUTORELEASING = YES;
				CLANG_WARN_BOOL_CONVERSION = YES;
				CLANG_WARN_COMMA = YES;
				CLANG_WARN_CONSTANT_CONVERSION = YES;
				CLANG_WARN_DEPRECATED_OBJC_IMPLEMENTATIONS = YES;
				CLANG_WARN_DIRECT_OBJC_ISA_USAGE = YES_ERROR;
				CLANG_WARN_DOCUMENTATION_COMMENTS = YES;
				CLANG_WARN_EMPTY_BODY = YES;
				CLANG_WARN_ENUM_CONVERSION = YES;
				CLANG_WARN_INFINITE_RECURSION = YES;
				CLANG_WARN_INT_CONVERSION = YES;
				CLANG_WARN_NON_LITERAL_NULL_CONVERSION = YES;
				CLANG_WARN_OBJC_IMPLICIT_RETAIN_SELF = YES;
				CLANG_WARN_OBJC_LITERAL_CONVERSION = YES;
				CLANG_WARN_OBJC_ROOT_CLASS = YES_ERROR;
				CLANG_WARN_QUOTED_INCLUDE_IN_FRAMEWORK_HEADER = YES;
				CLANG_WARN_RANGE_LOOP_ANALYSIS = YES;
				CLANG_WARN_STRICT_PROTOTYPES = YES;
				CLANG_WARN_SUSPICIOUS_MOVE = YES;
				CLANG_WARN_UNGUARDED_AVAILABILITY = YES_AGGRESSIVE;
				CLANG_WARN_UNREACHABLE_CODE = YES;
				CLANG_WARN__DUPLICATE_METHOD_MATCH = YES;
				COPY_PHASE_STRIP = NO;
				DEBUG_INFORMATION_FORMAT = dwarf;
				ENABLE_STRICT_OBJC_MSGSEND = YES;
				ENABLE_TESTABILITY = YES;
				GCC_C_LANGUAGE_STANDARD = gnu11;
				GCC_DYNAMIC_NO_PIC = NO;
				GCC_NO_COMMON_BLOCKS = YES;
				GCC_OPTIMIZATION_LEVEL = 0;
				GCC_PREPROCESSOR_DEFINITIONS = (
					"DEBUG=1",
					"$(inherited)",
				);
				GCC_WARN_64_TO_32_BIT_CONVERSION = YES;
				GCC_WARN_ABOUT_RETURN_TYPE = YES_ERROR;
				GCC_WARN_UNDECLARED_SELECTOR = YES;
				GCC_WARN_UNINITIALIZED_AUTOS = YES_AGGRESSIVE;
				GCC_WARN_UNUSED_FUNCTION = YES;
				GCC_WARN_UNUSED_VARIABLE = YES;
				IPHONEOS_DEPLOYMENT_TARGET = 14.4;
				MTL_ENABLE_DEBUG_INFO = INCLUDE_SOURCE;
				MTL_FAST_MATH = YES;
				ONLY_ACTIVE_ARCH = YES;
				SDKROOT = iphoneos;
				SWIFT_ACTIVE_COMPILATION_CONDITIONS = DEBUG;
				SWIFT_OPTIMIZATION_LEVEL = "-Onone";
			};
			name = Debug;
		};
		6D1017D125E6803300E3A121 /* Release */ = {
			isa = XCBuildConfiguration;
			buildSettings = {
				ALWAYS_SEARCH_USER_PATHS = NO;
				CLANG_ANALYZER_NONNULL = YES;
				CLANG_ANALYZER_NUMBER_OBJECT_CONVERSION = YES_AGGRESSIVE;
				CLANG_CXX_LANGUAGE_STANDARD = "gnu++14";
				CLANG_CXX_LIBRARY = "libc++";
				CLANG_ENABLE_MODULES = YES;
				CLANG_ENABLE_OBJC_ARC = YES;
				CLANG_ENABLE_OBJC_WEAK = YES;
				CLANG_WARN_BLOCK_CAPTURE_AUTORELEASING = YES;
				CLANG_WARN_BOOL_CONVERSION = YES;
				CLANG_WARN_COMMA = YES;
				CLANG_WARN_CONSTANT_CONVERSION = YES;
				CLANG_WARN_DEPRECATED_OBJC_IMPLEMENTATIONS = YES;
				CLANG_WARN_DIRECT_OBJC_ISA_USAGE = YES_ERROR;
				CLANG_WARN_DOCUMENTATION_COMMENTS = YES;
				CLANG_WARN_EMPTY_BODY = YES;
				CLANG_WARN_ENUM_CONVERSION = YES;
				CLANG_WARN_INFINITE_RECURSION = YES;
				CLANG_WARN_INT_CONVERSION = YES;
				CLANG_WARN_NON_LITERAL_NULL_CONVERSION = YES;
				CLANG_WARN_OBJC_IMPLICIT_RETAIN_SELF = YES;
				CLANG_WARN_OBJC_LITERAL_CONVERSION = YES;
				CLANG_WARN_OBJC_ROOT_CLASS = YES_ERROR;
				CLANG_WARN_QUOTED_INCLUDE_IN_FRAMEWORK_HEADER = YES;
				CLANG_WARN_RANGE_LOOP_ANALYSIS = YES;
				CLANG_WARN_STRICT_PROTOTYPES = YES;
				CLANG_WARN_SUSPICIOUS_MOVE = YES;
				CLANG_WARN_UNGUARDED_AVAILABILITY = YES_AGGRESSIVE;
				CLANG_WARN_UNREACHABLE_CODE = YES;
				CLANG_WARN__DUPLICATE_METHOD_MATCH = YES;
				COPY_PHASE_STRIP = NO;
				DEBUG_INFORMATION_FORMAT = "dwarf-with-dsym";
				ENABLE_NS_ASSERTIONS = NO;
				ENABLE_STRICT_OBJC_MSGSEND = YES;
				GCC_C_LANGUAGE_STANDARD = gnu11;
				GCC_NO_COMMON_BLOCKS = YES;
				GCC_WARN_64_TO_32_BIT_CONVERSION = YES;
				GCC_WARN_ABOUT_RETURN_TYPE = YES_ERROR;
				GCC_WARN_UNDECLARED_SELECTOR = YES;
				GCC_WARN_UNINITIALIZED_AUTOS = YES_AGGRESSIVE;
				GCC_WARN_UNUSED_FUNCTION = YES;
				GCC_WARN_UNUSED_VARIABLE = YES;
				IPHONEOS_DEPLOYMENT_TARGET = 14.4;
				MTL_ENABLE_DEBUG_INFO = NO;
				MTL_FAST_MATH = YES;
				SDKROOT = iphoneos;
				SWIFT_COMPILATION_MODE = wholemodule;
				SWIFT_OPTIMIZATION_LEVEL = "-O";
				VALIDATE_PRODUCT = YES;
			};
			name = Release;
		};
		6D1017D325E6803300E3A121 /* Debug */ = {
			isa = XCBuildConfiguration;
			buildSettings = {
				ASSETCATALOG_COMPILER_APPICON_NAME = AppIcon;
				ASSETCATALOG_COMPILER_GLOBAL_ACCENT_COLOR_NAME = AccentColor;
				CODE_SIGN_STYLE = Automatic;
				DEVELOPMENT_TEAM = N4V5XQ7BWS;
				INFOPLIST_FILE = PostsLoader/Info.plist;
				IPHONEOS_DEPLOYMENT_TARGET = 10.0;
				LD_RUNPATH_SEARCH_PATHS = (
					"$(inherited)",
					"@executable_path/Frameworks",
				);
				PRODUCT_BUNDLE_IDENTIFIER = sample.code.PostsLoader;
				PRODUCT_NAME = "$(TARGET_NAME)";
				SWIFT_VERSION = 5.0;
				TARGETED_DEVICE_FAMILY = 1;
			};
			name = Debug;
		};
		6D1017D425E6803300E3A121 /* Release */ = {
			isa = XCBuildConfiguration;
			buildSettings = {
				ASSETCATALOG_COMPILER_APPICON_NAME = AppIcon;
				ASSETCATALOG_COMPILER_GLOBAL_ACCENT_COLOR_NAME = AccentColor;
				CODE_SIGN_STYLE = Automatic;
				DEVELOPMENT_TEAM = N4V5XQ7BWS;
				INFOPLIST_FILE = PostsLoader/Info.plist;
				IPHONEOS_DEPLOYMENT_TARGET = 10.0;
				LD_RUNPATH_SEARCH_PATHS = (
					"$(inherited)",
					"@executable_path/Frameworks",
				);
				PRODUCT_BUNDLE_IDENTIFIER = sample.code.PostsLoader;
				PRODUCT_NAME = "$(TARGET_NAME)";
				SWIFT_VERSION = 5.0;
				TARGETED_DEVICE_FAMILY = 1;
			};
			name = Release;
		};
/* End XCBuildConfiguration section */

/* Begin XCConfigurationList section */
		6D1017B925E6803100E3A121 /* Build configuration list for PBXProject "PostsLoader" */ = {
			isa = XCConfigurationList;
			buildConfigurations = (
				6D1017D025E6803300E3A121 /* Debug */,
				6D1017D125E6803300E3A121 /* Release */,
			);
			defaultConfigurationIsVisible = 0;
			defaultConfigurationName = Release;
		};
		6D1017D225E6803300E3A121 /* Build configuration list for PBXNativeTarget "PostsLoader" */ = {
			isa = XCConfigurationList;
			buildConfigurations = (
				6D1017D325E6803300E3A121 /* Debug */,
				6D1017D425E6803300E3A121 /* Release */,
			);
			defaultConfigurationIsVisible = 0;
			defaultConfigurationName = Release;
		};
/* End XCConfigurationList section */
	};
	rootObject = 6D1017B625E6803100E3A121 /* Project object */;
}
